// !$*UTF8*$!
{
	archiveVersion = 1;
	classes = {
	};
	objectVersion = 46;
	objects = {

/* Begin PBXBuildFile section */
		440D884E137F528200006BBD /* UIKit.framework in Frameworks */ = {isa = PBXBuildFile; fileRef = 44EF3B5B137F42F600E7DEEE /* UIKit.framework */; };
		440D884F137F528200006BBD /* Foundation.framework in Frameworks */ = {isa = PBXBuildFile; fileRef = 44EF3B5D137F42F600E7DEEE /* Foundation.framework */; };
		440D8850137F528200006BBD /* CoreGraphics.framework in Frameworks */ = {isa = PBXBuildFile; fileRef = 44EF3B5F137F42F600E7DEEE /* CoreGraphics.framework */; };
		440D8856137F528200006BBD /* InfoPlist.strings in Resources */ = {isa = PBXBuildFile; fileRef = 440D8854137F528200006BBD /* InfoPlist.strings */; };
		440D8859137F528200006BBD /* Unit_Tests.h in Resources */ = {isa = PBXBuildFile; fileRef = 440D8858137F528200006BBD /* Unit_Tests.h */; };
		440D885B137F528200006BBD /* Unit_Tests.m in Sources */ = {isa = PBXBuildFile; fileRef = 440D885A137F528200006BBD /* Unit_Tests.m */; };
		447EFF781383BA66001811E6 /* EatThisWeekDataSource.m in Sources */ = {isa = PBXBuildFile; fileRef = 447EFF771383BA66001811E6 /* EatThisWeekDataSource.m */; };
		447EFF791383BA66001811E6 /* EatThisWeekDataSource.m in Sources */ = {isa = PBXBuildFile; fileRef = 447EFF771383BA66001811E6 /* EatThisWeekDataSource.m */; };
		44AFE2B9137F790500A7640E /* AddFoodViewController.m in Sources */ = {isa = PBXBuildFile; fileRef = 44AFE2B7137F790400A7640E /* AddFoodViewController.m */; };
		44AFE2BA137F790500A7640E /* AddFoodViewController.xib in Resources */ = {isa = PBXBuildFile; fileRef = 44AFE2B8137F790500A7640E /* AddFoodViewController.xib */; };
		44EF3B5C137F42F600E7DEEE /* UIKit.framework in Frameworks */ = {isa = PBXBuildFile; fileRef = 44EF3B5B137F42F600E7DEEE /* UIKit.framework */; };
		44EF3B5E137F42F600E7DEEE /* Foundation.framework in Frameworks */ = {isa = PBXBuildFile; fileRef = 44EF3B5D137F42F600E7DEEE /* Foundation.framework */; };
		44EF3B60137F42F600E7DEEE /* CoreGraphics.framework in Frameworks */ = {isa = PBXBuildFile; fileRef = 44EF3B5F137F42F600E7DEEE /* CoreGraphics.framework */; };
		44EF3B66137F42F600E7DEEE /* InfoPlist.strings in Resources */ = {isa = PBXBuildFile; fileRef = 44EF3B64137F42F600E7DEEE /* InfoPlist.strings */; };
		44EF3B69137F42F600E7DEEE /* main.m in Sources */ = {isa = PBXBuildFile; fileRef = 44EF3B68137F42F600E7DEEE /* main.m */; };
		44EF3B6C137F42F600E7DEEE /* EatNextAppDelegate.m in Sources */ = {isa = PBXBuildFile; fileRef = 44EF3B6B137F42F600E7DEEE /* EatNextAppDelegate.m */; };
		44EF3B6F137F42F600E7DEEE /* MainWindow.xib in Resources */ = {isa = PBXBuildFile; fileRef = 44EF3B6D137F42F600E7DEEE /* MainWindow.xib */; };
		44EF3B72137F42F600E7DEEE /* EatNextViewController.m in Sources */ = {isa = PBXBuildFile; fileRef = 44EF3B71137F42F600E7DEEE /* EatNextViewController.m */; };
		44EF3B75137F42F600E7DEEE /* EatNextViewController.xib in Resources */ = {isa = PBXBuildFile; fileRef = 44EF3B73137F42F600E7DEEE /* EatNextViewController.xib */; };
/* End PBXBuildFile section */

/* Begin PBXFileReference section */
		440D884D137F528200006BBD /* Unit Tests.octest */ = {isa = PBXFileReference; explicitFileType = wrapper.cfbundle; includeInIndex = 0; path = "Unit Tests.octest"; sourceTree = BUILT_PRODUCTS_DIR; };
		440D8853137F528200006BBD /* Unit Tests-Info.plist */ = {isa = PBXFileReference; lastKnownFileType = text.plist.xml; path = "Unit Tests-Info.plist"; sourceTree = "<group>"; };
		440D8855137F528200006BBD /* en */ = {isa = PBXFileReference; lastKnownFileType = text.plist.strings; name = en; path = en.lproj/InfoPlist.strings; sourceTree = "<group>"; };
		440D8857137F528200006BBD /* Unit Tests-Prefix.pch */ = {isa = PBXFileReference; lastKnownFileType = sourcecode.c.h; path = "Unit Tests-Prefix.pch"; sourceTree = "<group>"; };
		440D8858137F528200006BBD /* Unit_Tests.h */ = {isa = PBXFileReference; lastKnownFileType = sourcecode.c.h; path = Unit_Tests.h; sourceTree = "<group>"; };
		440D885A137F528200006BBD /* Unit_Tests.m */ = {isa = PBXFileReference; lastKnownFileType = sourcecode.c.objc; path = Unit_Tests.m; sourceTree = "<group>"; };
		447EFF761383BA66001811E6 /* EatThisWeekDataSource.h */ = {isa = PBXFileReference; fileEncoding = 4; lastKnownFileType = sourcecode.c.h; path = EatThisWeekDataSource.h; sourceTree = "<group>"; };
		447EFF771383BA66001811E6 /* EatThisWeekDataSource.m */ = {isa = PBXFileReference; fileEncoding = 4; lastKnownFileType = sourcecode.c.objc; path = EatThisWeekDataSource.m; sourceTree = "<group>"; };
		44AFE2B6137F790400A7640E /* AddFoodViewController.h */ = {isa = PBXFileReference; fileEncoding = 4; lastKnownFileType = sourcecode.c.h; name = AddFoodViewController.h; path = ../AddFoodViewController.h; sourceTree = "<group>"; };
		44AFE2B7137F790400A7640E /* AddFoodViewController.m */ = {isa = PBXFileReference; fileEncoding = 4; lastKnownFileType = sourcecode.c.objc; name = AddFoodViewController.m; path = ../AddFoodViewController.m; sourceTree = "<group>"; };
		44AFE2B8137F790500A7640E /* AddFoodViewController.xib */ = {isa = PBXFileReference; fileEncoding = 4; lastKnownFileType = file.xib; name = AddFoodViewController.xib; path = ../AddFoodViewController.xib; sourceTree = "<group>"; };
		44EF3B57137F42F600E7DEEE /* Eat Next.app */ = {isa = PBXFileReference; explicitFileType = wrapper.application; includeInIndex = 0; path = "Eat Next.app"; sourceTree = BUILT_PRODUCTS_DIR; };
		44EF3B5B137F42F600E7DEEE /* UIKit.framework */ = {isa = PBXFileReference; lastKnownFileType = wrapper.framework; name = UIKit.framework; path = System/Library/Frameworks/UIKit.framework; sourceTree = SDKROOT; };
		44EF3B5D137F42F600E7DEEE /* Foundation.framework */ = {isa = PBXFileReference; lastKnownFileType = wrapper.framework; name = Foundation.framework; path = System/Library/Frameworks/Foundation.framework; sourceTree = SDKROOT; };
		44EF3B5F137F42F600E7DEEE /* CoreGraphics.framework */ = {isa = PBXFileReference; lastKnownFileType = wrapper.framework; name = CoreGraphics.framework; path = System/Library/Frameworks/CoreGraphics.framework; sourceTree = SDKROOT; };
		44EF3B63137F42F600E7DEEE /* Eat Next-Info.plist */ = {isa = PBXFileReference; lastKnownFileType = text.plist.xml; path = "Eat Next-Info.plist"; sourceTree = "<group>"; };
		44EF3B65137F42F600E7DEEE /* en */ = {isa = PBXFileReference; lastKnownFileType = text.plist.strings; name = en; path = en.lproj/InfoPlist.strings; sourceTree = "<group>"; };
		44EF3B67137F42F600E7DEEE /* Eat Next-Prefix.pch */ = {isa = PBXFileReference; lastKnownFileType = sourcecode.c.h; path = "Eat Next-Prefix.pch"; sourceTree = "<group>"; };
		44EF3B68137F42F600E7DEEE /* main.m */ = {isa = PBXFileReference; lastKnownFileType = sourcecode.c.objc; path = main.m; sourceTree = "<group>"; };
		44EF3B6A137F42F600E7DEEE /* EatNextAppDelegate.h */ = {isa = PBXFileReference; path = EatNextAppDelegate.h; sourceTree = "<group>"; };
		44EF3B6B137F42F600E7DEEE /* EatNextAppDelegate.m */ = {isa = PBXFileReference; lastKnownFileType = sourcecode.c.objc; path = EatNextAppDelegate.m; sourceTree = "<group>"; };
		44EF3B6E137F42F600E7DEEE /* en */ = {isa = PBXFileReference; lastKnownFileType = file.xib; name = en; path = en.lproj/MainWindow.xib; sourceTree = "<group>"; };
		44EF3B70137F42F600E7DEEE /* EatNextViewController.h */ = {isa = PBXFileReference; path = EatNextViewController.h; sourceTree = "<group>"; };
		44EF3B71137F42F600E7DEEE /* EatNextViewController.m */ = {isa = PBXFileReference; lastKnownFileType = sourcecode.c.objc; path = EatNextViewController.m; sourceTree = "<group>"; };
		44EF3B74137F42F600E7DEEE /* en */ = {isa = PBXFileReference; lastKnownFileType = file.xib; name = en; path = en.lproj/EatNextViewController.xib; sourceTree = "<group>"; };
/* End PBXFileReference section */

/* Begin PBXFrameworksBuildPhase section */
		440D8849137F528200006BBD /* Frameworks */ = {
			isa = PBXFrameworksBuildPhase;
			buildActionMask = 2147483647;
			files = (
				440D884E137F528200006BBD /* UIKit.framework in Frameworks */,
				440D884F137F528200006BBD /* Foundation.framework in Frameworks */,
				440D8850137F528200006BBD /* CoreGraphics.framework in Frameworks */,
			);
			runOnlyForDeploymentPostprocessing = 0;
		};
		44EF3B54137F42F600E7DEEE /* Frameworks */ = {
			isa = PBXFrameworksBuildPhase;
			buildActionMask = 2147483647;
			files = (
				44EF3B5C137F42F600E7DEEE /* UIKit.framework in Frameworks */,
				44EF3B5E137F42F600E7DEEE /* Foundation.framework in Frameworks */,
				44EF3B60137F42F600E7DEEE /* CoreGraphics.framework in Frameworks */,
			);
			runOnlyForDeploymentPostprocessing = 0;
		};
/* End PBXFrameworksBuildPhase section */

/* Begin PBXGroup section */
		440D8851137F528200006BBD /* Unit Tests */ = {
			isa = PBXGroup;
			children = (
				440D8858137F528200006BBD /* Unit_Tests.h */,
				440D885A137F528200006BBD /* Unit_Tests.m */,
				440D8852137F528200006BBD /* Supporting Files */,
			);
			path = "Unit Tests";
			sourceTree = "<group>";
		};
		440D8852137F528200006BBD /* Supporting Files */ = {
			isa = PBXGroup;
			children = (
				440D8853137F528200006BBD /* Unit Tests-Info.plist */,
				440D8854137F528200006BBD /* InfoPlist.strings */,
				440D8857137F528200006BBD /* Unit Tests-Prefix.pch */,
			);
			name = "Supporting Files";
			sourceTree = "<group>";
		};
		447EFF701383B850001811E6 /* Controllers */ = {
			isa = PBXGroup;
			children = (
				44AFE2B6137F790400A7640E /* AddFoodViewController.h */,
				44AFE2B7137F790400A7640E /* AddFoodViewController.m */,
				44EF3B70137F42F600E7DEEE /* EatNextViewController.h */,
				44EF3B71137F42F600E7DEEE /* EatNextViewController.m */,
				44EF3B6A137F42F600E7DEEE /* EatNextAppDelegate.h */,
				44EF3B6B137F42F600E7DEEE /* EatNextAppDelegate.m */,
			);
			name = Controllers;
			sourceTree = "<group>";
		};
		447EFF731383B87E001811E6 /* Models */ = {
			isa = PBXGroup;
			children = (
				447EFF761383BA66001811E6 /* EatThisWeekDataSource.h */,
				447EFF771383BA66001811E6 /* EatThisWeekDataSource.m */,
			);
			name = Models;
			sourceTree = "<group>";
		};
		447EFF741383B88A001811E6 /* Views */ = {
			isa = PBXGroup;
			children = (
				44AFE2B8137F790500A7640E /* AddFoodViewController.xib */,
				44EF3B6D137F42F600E7DEEE /* MainWindow.xib */,
				44EF3B73137F42F600E7DEEE /* EatNextViewController.xib */,
			);
			name = Views;
			sourceTree = "<group>";
		};
		44EF3B4C137F42F600E7DEEE = {
			isa = PBXGroup;
			children = (
				44EF3B61137F42F600E7DEEE /* Eat Next */,
				440D8851137F528200006BBD /* Unit Tests */,
				44EF3B5A137F42F600E7DEEE /* Frameworks */,
				44EF3B58137F42F600E7DEEE /* Products */,
			);
			sourceTree = "<group>";
		};
		44EF3B58137F42F600E7DEEE /* Products */ = {
			isa = PBXGroup;
			children = (
				44EF3B57137F42F600E7DEEE /* Eat Next.app */,
				440D884D137F528200006BBD /* Unit Tests.octest */,
			);
			name = Products;
			sourceTree = "<group>";
		};
		44EF3B5A137F42F600E7DEEE /* Frameworks */ = {
			isa = PBXGroup;
			children = (
				44EF3B5B137F42F600E7DEEE /* UIKit.framework */,
				44EF3B5D137F42F600E7DEEE /* Foundation.framework */,
				44EF3B5F137F42F600E7DEEE /* CoreGraphics.framework */,
			);
			name = Frameworks;
			sourceTree = "<group>";
		};
		44EF3B61137F42F600E7DEEE /* Eat Next */ = {
			isa = PBXGroup;
			children = (
				447EFF741383B88A001811E6 /* Views */,
				447EFF731383B87E001811E6 /* Models */,
				447EFF701383B850001811E6 /* Controllers */,
				44EF3B62137F42F600E7DEEE /* Supporting Files */,
			);
			path = "Eat Next";
			sourceTree = "<group>";
		};
		44EF3B62137F42F600E7DEEE /* Supporting Files */ = {
			isa = PBXGroup;
			children = (
				44EF3B63137F42F600E7DEEE /* Eat Next-Info.plist */,
				44EF3B64137F42F600E7DEEE /* InfoPlist.strings */,
				44EF3B67137F42F600E7DEEE /* Eat Next-Prefix.pch */,
				44EF3B68137F42F600E7DEEE /* main.m */,
			);
			name = "Supporting Files";
			sourceTree = "<group>";
		};
/* End PBXGroup section */

/* Begin PBXNativeTarget section */
		440D884C137F528200006BBD /* Unit Tests */ = {
			isa = PBXNativeTarget;
			buildConfigurationList = 440D885E137F528200006BBD /* Build configuration list for PBXNativeTarget "Unit Tests" */;
			buildPhases = (
				440D8848137F528200006BBD /* Sources */,
				440D8849137F528200006BBD /* Frameworks */,
				440D884A137F528200006BBD /* Resources */,
				440D884B137F528200006BBD /* ShellScript */,
			);
			buildRules = (
			);
			dependencies = (
			);
			name = "Unit Tests";
			productName = "Unit Tests";
			productReference = 440D884D137F528200006BBD /* Unit Tests.octest */;
			productType = "com.apple.product-type.bundle";
		};
		44EF3B56137F42F600E7DEEE /* Eat Next */ = {
			isa = PBXNativeTarget;
			buildConfigurationList = 44EF3B78137F42F600E7DEEE /* Build configuration list for PBXNativeTarget "Eat Next" */;
			buildPhases = (
				44EF3B53137F42F600E7DEEE /* Sources */,
				44EF3B54137F42F600E7DEEE /* Frameworks */,
				44EF3B55137F42F600E7DEEE /* Resources */,
			);
			buildRules = (
			);
			dependencies = (
			);
			name = "Eat Next";
			productName = "Eat Next";
			productReference = 44EF3B57137F42F600E7DEEE /* Eat Next.app */;
			productType = "com.apple.product-type.application";
		};
/* End PBXNativeTarget section */

/* Begin PBXProject section */
		44EF3B4E137F42F600E7DEEE /* Project object */ = {
			isa = PBXProject;
			buildConfigurationList = 44EF3B51137F42F600E7DEEE /* Build configuration list for PBXProject "Eat Next" */;
			compatibilityVersion = "Xcode 3.2";
			developmentRegion = English;
			hasScannedForEncodings = 0;
			knownRegions = (
				en,
			);
			mainGroup = 44EF3B4C137F42F600E7DEEE;
			productRefGroup = 44EF3B58137F42F600E7DEEE /* Products */;
			projectDirPath = "";
			projectRoot = "";
			targets = (
				44EF3B56137F42F600E7DEEE /* Eat Next */,
				440D884C137F528200006BBD /* Unit Tests */,
			);
		};
/* End PBXProject section */

/* Begin PBXResourcesBuildPhase section */
		440D884A137F528200006BBD /* Resources */ = {
			isa = PBXResourcesBuildPhase;
			buildActionMask = 2147483647;
			files = (
				440D8856137F528200006BBD /* InfoPlist.strings in Resources */,
				440D8859137F528200006BBD /* Unit_Tests.h in Resources */,
			);
			runOnlyForDeploymentPostprocessing = 0;
		};
		44EF3B55137F42F600E7DEEE /* Resources */ = {
			isa = PBXResourcesBuildPhase;
			buildActionMask = 2147483647;
			files = (
				44EF3B66137F42F600E7DEEE /* InfoPlist.strings in Resources */,
				44EF3B6F137F42F600E7DEEE /* MainWindow.xib in Resources */,
				44EF3B75137F42F600E7DEEE /* EatNextViewController.xib in Resources */,
				44AFE2BA137F790500A7640E /* AddFoodViewController.xib in Resources */,
			);
			runOnlyForDeploymentPostprocessing = 0;
		};
/* End PBXResourcesBuildPhase section */

/* Begin PBXShellScriptBuildPhase section */
		440D884B137F528200006BBD /* ShellScript */ = {
			isa = PBXShellScriptBuildPhase;
			buildActionMask = 2147483647;
			files = (
			);
			inputPaths = (
			);
			outputPaths = (
			);
			runOnlyForDeploymentPostprocessing = 0;
			shellPath = /bin/sh;
			shellScript = "# Run the unit tests in this test bundle.\n\"${SYSTEM_DEVELOPER_DIR}/Tools/RunUnitTests\"\n";
		};
/* End PBXShellScriptBuildPhase section */

/* Begin PBXSourcesBuildPhase section */
		440D8848137F528200006BBD /* Sources */ = {
			isa = PBXSourcesBuildPhase;
			buildActionMask = 2147483647;
			files = (
				440D885B137F528200006BBD /* Unit_Tests.m in Sources */,
				447EFF791383BA66001811E6 /* EatThisWeekDataSource.m in Sources */,
			);
			runOnlyForDeploymentPostprocessing = 0;
		};
		44EF3B53137F42F600E7DEEE /* Sources */ = {
			isa = PBXSourcesBuildPhase;
			buildActionMask = 2147483647;
			files = (
				44EF3B69137F42F600E7DEEE /* main.m in Sources */,
				44EF3B6C137F42F600E7DEEE /* EatNextAppDelegate.m in Sources */,
				44EF3B72137F42F600E7DEEE /* EatNextViewController.m in Sources */,
				44AFE2B9137F790500A7640E /* AddFoodViewController.m in Sources */,
				447EFF781383BA66001811E6 /* EatThisWeekDataSource.m in Sources */,
			);
			runOnlyForDeploymentPostprocessing = 0;
		};
/* End PBXSourcesBuildPhase section */

/* Begin PBXVariantGroup section */
		440D8854137F528200006BBD /* InfoPlist.strings */ = {
			isa = PBXVariantGroup;
			children = (
				440D8855137F528200006BBD /* en */,
			);
			name = InfoPlist.strings;
			sourceTree = "<group>";
		};
		44EF3B64137F42F600E7DEEE /* InfoPlist.strings */ = {
			isa = PBXVariantGroup;
			children = (
				44EF3B65137F42F600E7DEEE /* en */,
			);
			name = InfoPlist.strings;
			sourceTree = "<group>";
		};
		44EF3B6D137F42F600E7DEEE /* MainWindow.xib */ = {
			isa = PBXVariantGroup;
			children = (
				44EF3B6E137F42F600E7DEEE /* en */,
			);
			name = MainWindow.xib;
			sourceTree = "<group>";
		};
		44EF3B73137F42F600E7DEEE /* EatNextViewController.xib */ = {
			isa = PBXVariantGroup;
			children = (
				44EF3B74137F42F600E7DEEE /* en */,
			);
			name = EatNextViewController.xib;
			sourceTree = "<group>";
		};
/* End PBXVariantGroup section */

/* Begin XCBuildConfiguration section */
		440D885C137F528200006BBD /* Debug */ = {
			isa = XCBuildConfiguration;
			buildSettings = {
				ALWAYS_SEARCH_USER_PATHS = NO;
				ARCHS = "$(ARCHS_STANDARD_32_BIT)";
				FRAMEWORK_SEARCH_PATHS = (
					"$(SDKROOT)/Developer/Library/Frameworks",
					"$(DEVELOPER_LIBRARY_DIR)/Frameworks",
				);
				GCC_PRECOMPILE_PREFIX_HEADER = YES;
				GCC_PREFIX_HEADER = "Unit Tests/Unit Tests-Prefix.pch";
				INFOPLIST_FILE = "Unit Tests/Unit Tests-Info.plist";
				OTHER_LDFLAGS = (
					"-framework",
					SenTestingKit,
				);
				PRODUCT_NAME = "$(TARGET_NAME)";
				WRAPPER_EXTENSION = octest;
			};
			name = Debug;
		};
		440D885D137F528200006BBD /* Release */ = {
			isa = XCBuildConfiguration;
			buildSettings = {
				ALWAYS_SEARCH_USER_PATHS = NO;
				ARCHS = "$(ARCHS_STANDARD_32_BIT)";
				FRAMEWORK_SEARCH_PATHS = (
					"$(SDKROOT)/Developer/Library/Frameworks",
					"$(DEVELOPER_LIBRARY_DIR)/Frameworks",
				);
				GCC_PRECOMPILE_PREFIX_HEADER = YES;
				GCC_PREFIX_HEADER = "Unit Tests/Unit Tests-Prefix.pch";
				INFOPLIST_FILE = "Unit Tests/Unit Tests-Info.plist";
				OTHER_LDFLAGS = (
					"-framework",
					SenTestingKit,
				);
				PRODUCT_NAME = "$(TARGET_NAME)";
				WRAPPER_EXTENSION = octest;
			};
			name = Release;
		};
		44EF3B76137F42F600E7DEEE /* Debug */ = {
			isa = XCBuildConfiguration;
			buildSettings = {
				ARCHS = "$(ARCHS_UNIVERSAL_IPHONE_OS)";
				"CODE_SIGN_IDENTITY[sdk=iphoneos*]" = "iPhone Developer";
				GCC_C_LANGUAGE_STANDARD = gnu99;
				GCC_OPTIMIZATION_LEVEL = 0;
				GCC_PREPROCESSOR_DEFINITIONS = DEBUG;
				GCC_SYMBOLS_PRIVATE_EXTERN = NO;
				GCC_VERSION = com.apple.compilers.llvmgcc42;
				GCC_WARN_ABOUT_RETURN_TYPE = YES;
				GCC_WARN_UNUSED_VARIABLE = YES;
				IPHONEOS_DEPLOYMENT_TARGET = 4.3;
				SDKROOT = iphoneos;
				TARGETED_DEVICE_FAMILY = 2;
			};
			name = Debug;
		};
		44EF3B77137F42F600E7DEEE /* Release */ = {
			isa = XCBuildConfiguration;
			buildSettings = {
				ARCHS = "$(ARCHS_UNIVERSAL_IPHONE_OS)";
				"CODE_SIGN_IDENTITY[sdk=iphoneos*]" = "iPhone Developer";
				GCC_C_LANGUAGE_STANDARD = gnu99;
				GCC_VERSION = com.apple.compilers.llvmgcc42;
				GCC_WARN_ABOUT_RETURN_TYPE = YES;
				GCC_WARN_UNUSED_VARIABLE = YES;
				IPHONEOS_DEPLOYMENT_TARGET = 4.3;
				OTHER_CFLAGS = "-DNS_BLOCK_ASSERTIONS=1";
				SDKROOT = iphoneos;
				TARGETED_DEVICE_FAMILY = 2;
			};
			name = Release;
		};
		44EF3B79137F42F600E7DEEE /* Debug */ = {
			isa = XCBuildConfiguration;
			buildSettings = {
				ALWAYS_SEARCH_USER_PATHS = NO;
				COPY_PHASE_STRIP = NO;
				GCC_DYNAMIC_NO_PIC = NO;
				GCC_PRECOMPILE_PREFIX_HEADER = YES;
				GCC_PREFIX_HEADER = "Eat Next/Eat Next-Prefix.pch";
				INFOPLIST_FILE = "Eat Next/Eat Next-Info.plist";
				PRODUCT_NAME = "$(TARGET_NAME)";
				WRAPPER_EXTENSION = app;
			};
			name = Debug;
		};
		44EF3B7A137F42F600E7DEEE /* Release */ = {
			isa = XCBuildConfiguration;
			buildSettings = {
				ALWAYS_SEARCH_USER_PATHS = NO;
				COPY_PHASE_STRIP = YES;
				GCC_PRECOMPILE_PREFIX_HEADER = YES;
				GCC_PREFIX_HEADER = "Eat Next/Eat Next-Prefix.pch";
				INFOPLIST_FILE = "Eat Next/Eat Next-Info.plist";
				PRODUCT_NAME = "$(TARGET_NAME)";
				VALIDATE_PRODUCT = YES;
				WRAPPER_EXTENSION = app;
			};
			name = Release;
		};
/* End XCBuildConfiguration section */

/* Begin XCConfigurationList section */
		440D885E137F528200006BBD /* Build configuration list for PBXNativeTarget "Unit Tests" */ = {
			isa = XCConfigurationList;
			buildConfigurations = (
				440D885C137F528200006BBD /* Debug */,
				440D885D137F528200006BBD /* Release */,
			);
			defaultConfigurationIsVisible = 0;
			defaultConfigurationName = Release;
		};
		44EF3B51137F42F600E7DEEE /* Build configuration list for PBXProject "Eat Next" */ = {
			isa = XCConfigurationList;
			buildConfigurations = (
				44EF3B76137F42F600E7DEEE /* Debug */,
				44EF3B77137F42F600E7DEEE /* Release */,
			);
			defaultConfigurationIsVisible = 0;
			defaultConfigurationName = Release;
		};
		44EF3B78137F42F600E7DEEE /* Build configuration list for PBXNativeTarget "Eat Next" */ = {
			isa = XCConfigurationList;
			buildConfigurations = (
				44EF3B79137F42F600E7DEEE /* Debug */,
				44EF3B7A137F42F600E7DEEE /* Release */,
			);
			defaultConfigurationIsVisible = 0;
			defaultConfigurationName = Release;
		};
/* End XCConfigurationList section */
	};
	rootObject = 44EF3B4E137F42F600E7DEEE /* Project object */;
}
